
Microsoft Visual Studio Solution File, Format Version 12.00
# Visual Studio 15
VisualStudioVersion = 15.0.28307.1022
MinimumVisualStudioVersion = 10.0.40219.1
Project("{9A19103F-16F7-4668-BE54-9A1E7A4F7556}") = "Api2", "Api2\Api2.csproj", "{CA4FCAC1-3722-4B73-BE73-65584D459087}"
EndProject
Project("{FAE04EC0-301F-11D3-BF4B-00C04F79EFBC}") = "Testes", "Testes\Testes.csproj", "{DB9B0BA9-C1D5-44F2-A525-AC65E9040676}"
EndProject
Global
	GlobalSection(SolutionConfigurationPlatforms) = preSolution
		Debug|Any CPU = Debug|Any CPU
		Release|Any CPU = Release|Any CPU
	EndGlobalSection
	GlobalSection(ProjectConfigurationPlatforms) = postSolution
		{CA4FCAC1-3722-4B73-BE73-65584D459087}.Debug|Any CPU.ActiveCfg = Debug|Any CPU
		{CA4FCAC1-3722-4B73-BE73-65584D459087}.Debug|Any CPU.Build.0 = Debug|Any CPU
		{CA4FCAC1-3722-4B73-BE73-65584D459087}.Release|Any CPU.ActiveCfg = Release|Any CPU
		{CA4FCAC1-3722-4B73-BE73-65584D459087}.Release|Any CPU.Build.0 = Release|Any CPU
		{DB9B0BA9-C1D5-44F2-A525-AC65E9040676}.Debug|Any CPU.ActiveCfg = Debug|Any CPU
		{DB9B0BA9-C1D5-44F2-A525-AC65E9040676}.Debug|Any CPU.Build.0 = Debug|Any CPU
		{DB9B0BA9-C1D5-44F2-A525-AC65E9040676}.Release|Any CPU.ActiveCfg = Release|Any CPU
		{DB9B0BA9-C1D5-44F2-A525-AC65E9040676}.Release|Any CPU.Build.0 = Release|Any CPU
	EndGlobalSection
	GlobalSection(SolutionProperties) = preSolution
		HideSolutionNode = FALSE
	EndGlobalSection
	GlobalSection(ExtensibilityGlobals) = postSolution
		SolutionGuid = {C7066886-E35A-443D-A3E6-59E703F7A657}
	EndGlobalSection
EndGlobal
